
Microsoft Visual Studio Solution File, Format Version 12.00
# Visual Studio Version 17
VisualStudioVersion = 17.3.32929.385
MinimumVisualStudioVersion = 10.0.40219.1
Project("{FAE04EC0-301F-11D3-BF4B-00C04F79EFBC}") = "Calculator", "Calculator\Calculator.csproj", "{A2236CFA-5381-4474-9037-E66B8ECA4DBF}"
EndProject
Global
	GlobalSection(SolutionConfigurationPlatforms) = preSolution
		Debug|Any CPU = Debug|Any CPU
		Release|Any CPU = Release|Any CPU
	EndGlobalSection
	GlobalSection(ProjectConfigurationPlatforms) = postSolution
		{A2236CFA-5381-4474-9037-E66B8ECA4DBF}.Debug|Any CPU.ActiveCfg = Debug|Any CPU
		{A2236CFA-5381-4474-9037-E66B8ECA4DBF}.Debug|Any CPU.Build.0 = Debug|Any CPU
		{A2236CFA-5381-4474-9037-E66B8ECA4DBF}.Release|Any CPU.ActiveCfg = Release|Any CPU
		{A2236CFA-5381-4474-9037-E66B8ECA4DBF}.Release|Any CPU.Build.0 = Release|Any CPU
	EndGlobalSection
	GlobalSection(SolutionProperties) = preSolution
		HideSolutionNode = FALSE
	EndGlobalSection
	GlobalSection(ExtensibilityGlobals) = postSolution
		SolutionGuid = {E6309FC8-92EA-42F0-9579-F14220C4284B}
	EndGlobalSection
EndGlobal
